Microsoft Visual Studio Solution File, Format Version 12.00
# Visual Studio Version 17
VisualStudioVersion = 17.13.35919.96
MinimumVisualStudioVersion = 10.0.40219.1
Project("{8BC9CEB8-8B4A-11D0-8D11-00A0C91BC942}") = "Jogo_Da_Adv", "Jogo_Da_Adv.vcxproj", "{874664F2-50D7-4787-A50D-B16D4906A065}"
EndProject
Global
	GlobalSection(SolutionConfigurationPlatforms) = preSolution
		Debug|x64 = Debug|x64
		Debug|x86 = Debug|x86
		Release|x64 = Release|x64
		Release|x86 = Release|x86
	EndGlobalSection
	GlobalSection(ProjectConfigurationPlatforms) = postSolution
		{874664F2-50D7-4787-A50D-B16D4906A065}.Debug|x64.ActiveCfg = Debug|x64
		{874664F2-50D7-4787-A50D-B16D4906A065}.Debug|x64.Build.0 = Debug|x64
		{874664F2-50D7-4787-A50D-B16D4906A065}.Debug|x86.ActiveCfg = Debug|Win32
		{874664F2-50D7-4787-A50D-B16D4906A065}.Debug|x86.Build.0 = Debug|Win32
		{874664F2-50D7-4787-A50D-B16D4906A065}.Release|x64.ActiveCfg = Release|x64
		{874664F2-50D7-4787-A50D-B16D4906A065}.Release|x64.Build.0 = Release|x64
		{874664F2-50D7-4787-A50D-B16D4906A065}.Release|x86.ActiveCfg = Release|Win32
		{874664F2-50D7-4787-A50D-B16D4906A065}.Release|x86.Build.0 = Release|Win32
	EndGlobalSection
	GlobalSection(SolutionProperties) = preSolution
		HideSolutionNode = FALSE
	EndGlobalSection
	GlobalSection(ExtensibilityGlobals) = postSolution
		SolutionGuid = {20FC24BB-76CC-4132-86B9-88F31D339F8A}
	EndGlobalSection
EndGlobal
